<Solution>
  <Project Path="MyBinaryTree/MyBinaryTreeProject.csproj" Id="bdb1bb03-a730-42b1-aefb-9c9cc2fbbc35" />
  <Project Path="MyBinaryTreeTesting/MyBinaryTreeTesting.csproj" Id="41160f67-91fc-49f9-a3a5-c7eef2ee6e8e" />
  <Project Path="MyHashTableProject/MyHashTableProject.csproj" Id="efeb725f-3288-4d8c-94b4-1b6042ec8144" />
  <Project Path="MyLinkedListProject/MyLinkedListProject.csproj" />
  <Project Path="MyLinkedListTest/MyLinkedListTesting.csproj" Id="ab340619-39c2-431a-864b-7b107ca96565" />
  <Project Path="MyQuene/MyQueneProject.csproj" Id="435f7271-72a9-44b1-b136-232c355a0640" />
  <Project Path="MyQueneTesting/MyQueneTesting.csproj" Id="4daabc22-b887-4ae2-92e5-2e87ff79e1f8" />
  <Project Path="MyStackProject/MyStackProject.csproj" Id="f317b8a5-8a72-4974-9818-39cb5d459474" />
  <Project Path="MyStackTesting/MyStackTesting.csproj" />
  <Project Path="PostfixProject/PostfixProject.csproj" />
</Solution>
